
Microsoft Visual Studio Solution File, Format Version 9.00
# Visual Studio 2005
Project("{FAE04EC0-301F-11D3-BF4B-00C04F79EFBC}") = "BasicWars", "BasicWars.csproj", "{10ECEAE1-EEBC-4962-8B9A-28DC0576A637}"
EndProject
Project("{FAE04EC0-301F-11D3-BF4B-00C04F79EFBC}") = "MapEditor", "..\MapEditor\MapEditor.csproj", "{A2B26120-65F3-4B8B-9EEE-2913C992C234}"
EndProject
Global
	GlobalSection(SolutionConfigurationPlatforms) = preSolution
		Debug|Any CPU = Debug|Any CPU
		Release|Any CPU = Release|Any CPU
	EndGlobalSection
	GlobalSection(ProjectConfigurationPlatforms) = postSolution
		{10ECEAE1-EEBC-4962-8B9A-28DC0576A637}.Debug|Any CPU.ActiveCfg = Debug|Any CPU
		{10ECEAE1-EEBC-4962-8B9A-28DC0576A637}.Debug|Any CPU.Build.0 = Debug|Any CPU
		{10ECEAE1-EEBC-4962-8B9A-28DC0576A637}.Release|Any CPU.ActiveCfg = Release|Any CPU
		{10ECEAE1-EEBC-4962-8B9A-28DC0576A637}.Release|Any CPU.Build.0 = Release|Any CPU
		{A2B26120-65F3-4B8B-9EEE-2913C992C234}.Debug|Any CPU.ActiveCfg = Debug|Any CPU
		{A2B26120-65F3-4B8B-9EEE-2913C992C234}.Debug|Any CPU.Build.0 = Debug|Any CPU
		{A2B26120-65F3-4B8B-9EEE-2913C992C234}.Release|Any CPU.ActiveCfg = Release|Any CPU
		{A2B26120-65F3-4B8B-9EEE-2913C992C234}.Release|Any CPU.Build.0 = Release|Any CPU
	EndGlobalSection
	GlobalSection(SolutionProperties) = preSolution
		HideSolutionNode = FALSE
	EndGlobalSection
EndGlobal
